
Microsoft Visual Studio Solution File, Format Version 9.00
# Visual Studio 2005
Project("{8BC9CEB8-8B4A-11D0-8D11-00A0C91BC942}") = "airpcap_and_libpcap_with_filter", "airpcap_and_libpcap_with_filter.vcproj", "{38E85CCA-EE8A-43C2-B2CC-55ABE1DDD42C}"
EndProject
Global
	GlobalSection(SolutionConfigurationPlatforms) = preSolution
		Debug|Win32 = Debug|Win32
		Debug|x64 = Debug|x64
		Release|Win32 = Release|Win32
		Release|x64 = Release|x64
	EndGlobalSection
	GlobalSection(ProjectConfigurationPlatforms) = postSolution
		{38E85CCA-EE8A-43C2-B2CC-55ABE1DDD42C}.Debug|Win32.ActiveCfg = Debug|Win32
		{38E85CCA-EE8A-43C2-B2CC-55ABE1DDD42C}.Debug|Win32.Build.0 = Debug|Win32
		{38E85CCA-EE8A-43C2-B2CC-55ABE1DDD42C}.Debug|x64.ActiveCfg = Debug|x64
		{38E85CCA-EE8A-43C2-B2CC-55ABE1DDD42C}.Debug|x64.Build.0 = Debug|x64
		{38E85CCA-EE8A-43C2-B2CC-55ABE1DDD42C}.Release|Win32.ActiveCfg = Release|Win32
		{38E85CCA-EE8A-43C2-B2CC-55ABE1DDD42C}.Release|Win32.Build.0 = Release|Win32
		{38E85CCA-EE8A-43C2-B2CC-55ABE1DDD42C}.Release|x64.ActiveCfg = Release|x64
		{38E85CCA-EE8A-43C2-B2CC-55ABE1DDD42C}.Release|x64.Build.0 = Release|x64
	EndGlobalSection
	GlobalSection(SolutionProperties) = preSolution
		HideSolutionNode = FALSE
	EndGlobalSection
EndGlobal
