
Microsoft Visual Studio Solution File, Format Version 9.00
# Visual Studio 2005
Project("{8BC9CEB8-8B4A-11D0-8D11-00A0C91BC942}") = "Capture_PPI", "Capture_PPI.vcproj", "{66921F0C-6E4F-4C82-B4D7-7763D835CFA7}"
EndProject
Global
	GlobalSection(SolutionConfigurationPlatforms) = preSolution
		Debug|Win32 = Debug|Win32
		Debug|x64 = Debug|x64
		Release|Win32 = Release|Win32
		Release|x64 = Release|x64
	EndGlobalSection
	GlobalSection(ProjectConfigurationPlatforms) = postSolution
		{66921F0C-6E4F-4C82-B4D7-7763D835CFA7}.Debug|Win32.ActiveCfg = Debug|Win32
		{66921F0C-6E4F-4C82-B4D7-7763D835CFA7}.Debug|Win32.Build.0 = Debug|Win32
		{66921F0C-6E4F-4C82-B4D7-7763D835CFA7}.Debug|x64.ActiveCfg = Debug|x64
		{66921F0C-6E4F-4C82-B4D7-7763D835CFA7}.Debug|x64.Build.0 = Debug|x64
		{66921F0C-6E4F-4C82-B4D7-7763D835CFA7}.Release|Win32.ActiveCfg = Release|Win32
		{66921F0C-6E4F-4C82-B4D7-7763D835CFA7}.Release|Win32.Build.0 = Release|Win32
		{66921F0C-6E4F-4C82-B4D7-7763D835CFA7}.Release|x64.ActiveCfg = Release|x64
		{66921F0C-6E4F-4C82-B4D7-7763D835CFA7}.Release|x64.Build.0 = Release|x64
	EndGlobalSection
	GlobalSection(SolutionProperties) = preSolution
		HideSolutionNode = FALSE
	EndGlobalSection
EndGlobal
